{
  "inputs": {
    "home-manager": {
      "info": {
        "lastModified": 1588312486,
        "narHash": "sha256-O1GGx07e7dAnVE1NPLbOt0//DnbhE/tg4Vepbe/GtHI="
      },
      "inputs": {},
      "locked": {
        "owner": "xtruder",
        "repo": "home-manager",
        "rev": "57a06d9882501dff12539f4378c0ecb6bd3137c7",
        "type": "github"
      },
      "original": {
        "owner": "xtruder",
        "ref": "nix-profiles-2-0",
        "repo": "home-manager",
        "type": "github"
      }
    },
    "nixpkgs": {
      "info": {
        "lastModified": 1588314023,
        "narHash": "sha256-kiY3obzxvWNpBEhKu+Na7mtuoO2UZWzlI1R8XQD3OYo="
      },
      "inputs": {},
      "locked": {
        "owner": "xtruder",
        "repo": "nixpkgs",
        "rev": "8f315411f3cb8a72dbc8233c84c23b3acefd57a1",
        "type": "github"
      },
      "original": {
        "owner": "xtruder",
        "ref": "xtruder-nixos-unstable",
        "repo": "nixpkgs",
        "type": "github"
      }
    }
  },
  "version": 4
}
