{
  "inputs": {
    "home-manager": {
      "info": {
        "lastModified": 1584502075,
        "narHash": "sha256-IGJTHU9kdDlXrE4bFMsN/cGFie64/jstJ5BhpgqW3ZE="
      },
      "inputs": {},
      "locked": {
        "owner": "xtruder",
        "repo": "home-manager",
        "rev": "06e17b1dcee6bf23afb79c5d9775ed098bb01378",
        "type": "github"
      },
      "original": {
        "owner": "xtruder",
        "ref": "nix-profiles-2-0",
        "repo": "home-manager",
        "type": "github"
      }
    },
    "nixpkgs": {
      "info": {
        "lastModified": 1584078941,
        "narHash": "sha256-a+WiJyFG6c+/FOwrD7uwIX4k5AkxLZ/OseJmUfQ7dh4="
      },
      "inputs": {},
      "locked": {
        "owner": "xtruder",
        "repo": "nixpkgs",
        "rev": "77cd2e8b5a6b2e250a7c14f8a1ddb7ec39b1ba2b",
        "type": "github"
      },
      "original": {
        "owner": "xtruder",
        "ref": "xtruder-nixos-unstable",
        "repo": "nixpkgs",
        "type": "github"
      }
    }
  },
  "version": 4
}
