{
  "nodes": {
    "home-manager": {
      "locked": {
        "lastModified": 1594906009,
        "narHash": "sha256-eSZ1VYAD7ltKi58w8/c8nyMkEY2gb9g2BaJw4ZA4Ftw=",
        "owner": "xtruder",
        "repo": "home-manager",
        "rev": "688a72b4531f8dccf9ce7a035b9f02720d7ad86d",
        "type": "github"
      },
      "original": {
        "owner": "xtruder",
        "ref": "nix-profiles-2-0",
        "repo": "home-manager",
        "type": "github"
      }
    },
    "nixpkgs": {
      "locked": {
        "lastModified": 1594898223,
        "narHash": "sha256-1vGs9dc3m2JE7jAFUpGz4WKcKf/e77y1elLdKmFrqZM=",
        "owner": "xtruder",
        "repo": "nixpkgs",
        "rev": "3deaf21d9502d2bf1c64461c5a430483309848bf",
        "type": "github"
      },
      "original": {
        "owner": "xtruder",
        "ref": "xtruder-nixos-unstable",
        "repo": "nixpkgs",
        "type": "github"
      }
    },
    "root": {
      "inputs": {
        "home-manager": "home-manager",
        "nixpkgs": "nixpkgs"
      }
    }
  },
  "root": "root",
  "version": 7
}
